
Microsoft Visual Studio Solution File, Format Version 12.00
# Visual Studio 15
VisualStudioVersion = 15.0.27428.2043
MinimumVisualStudioVersion = 10.0.40219.1
Project("{FAE04EC0-301F-11D3-BF4B-00C04F79EFBC}") = "Misa.Web", "Misa.Web\Misa.Web.csproj", "{92143976-E1D2-4C1D-8ACB-B6A640E07EB9}"
EndProject
Global
	GlobalSection(SolutionConfigurationPlatforms) = preSolution
		Debug|Any CPU = Debug|Any CPU
		Release|Any CPU = Release|Any CPU
	EndGlobalSection
	GlobalSection(ProjectConfigurationPlatforms) = postSolution
		{92143976-E1D2-4C1D-8ACB-B6A640E07EB9}.Debug|Any CPU.ActiveCfg = Debug|Any CPU
		{92143976-E1D2-4C1D-8ACB-B6A640E07EB9}.Debug|Any CPU.Build.0 = Debug|Any CPU
		{92143976-E1D2-4C1D-8ACB-B6A640E07EB9}.Release|Any CPU.ActiveCfg = Release|Any CPU
		{92143976-E1D2-4C1D-8ACB-B6A640E07EB9}.Release|Any CPU.Build.0 = Release|Any CPU
	EndGlobalSection
	GlobalSection(SolutionProperties) = preSolution
		HideSolutionNode = FALSE
	EndGlobalSection
	GlobalSection(ExtensibilityGlobals) = postSolution
		SolutionGuid = {C5BB95D0-6BC2-4AAC-8861-7E204D42FBDC}
	EndGlobalSection
EndGlobal
